
Microsoft Visual Studio Solution File, Format Version 12.00
# Visual Studio Version 17
VisualStudioVersion = 17.0.31903.59
MinimumVisualStudioVersion = 10.0.40219.1
Project("{FAE04EC0-301F-11D3-BF4B-00C04F79EFBC}") = "CMS.Domain", "CMS.Domain\CMS.Domain.csproj", "{B99FC5F7-4452-4B80-BD32-7173928E73A3}"
EndProject
Project("{FAE04EC0-301F-11D3-BF4B-00C04F79EFBC}") = "CMS.Application", "CMS.Application\CMS.Application.csproj", "{E5E54479-D444-4737-848E-9C61C7744FFA}"
EndProject
Project("{FAE04EC0-301F-11D3-BF4B-00C04F79EFBC}") = "CMS.Infrastructure", "CMS.Infrastructure\CMS.Infrastructure.csproj", "{D5A21DBD-E77F-493D-984E-A37D3AB87472}"
EndProject
Project("{FAE04EC0-301F-11D3-BF4B-00C04F79EFBC}") = "CMS.WebAPI", "CMS.WebAPI\CMS.WebAPI.csproj", "{295CEB03-847B-43FF-88F9-9D100B0E25E7}"
EndProject
Project("{FAE04EC0-301F-11D3-BF4B-00C04F79EFBC}") = "CMS.WebUI", "CMS.WebUI\CMS.WebUI.csproj", "{639DC1F9-A76B-46C6-809B-B66FCAA9139C}"
EndProject
Project("{FAE04EC0-301F-11D3-BF4B-00C04F79EFBC}") = "CMS.Tests", "CMS.Tests\CMS.Tests.csproj", "{A8B28181-2048-4AEE-AA72-18C5FACE8937}"
EndProject
Global
	GlobalSection(SolutionConfigurationPlatforms) = preSolution
		Debug|Any CPU = Debug|Any CPU
		Release|Any CPU = Release|Any CPU
	EndGlobalSection
	GlobalSection(ProjectConfigurationPlatforms) = postSolution
		{B99FC5F7-4452-4B80-BD32-7173928E73A3}.Debug|Any CPU.ActiveCfg = Debug|Any CPU
		{B99FC5F7-4452-4B80-BD32-7173928E73A3}.Debug|Any CPU.Build.0 = Debug|Any CPU
		{B99FC5F7-4452-4B80-BD32-7173928E73A3}.Release|Any CPU.ActiveCfg = Release|Any CPU
		{B99FC5F7-4452-4B80-BD32-7173928E73A3}.Release|Any CPU.Build.0 = Release|Any CPU
		{E5E54479-D444-4737-848E-9C61C7744FFA}.Debug|Any CPU.ActiveCfg = Debug|Any CPU
		{E5E54479-D444-4737-848E-9C61C7744FFA}.Debug|Any CPU.Build.0 = Debug|Any CPU
		{E5E54479-D444-4737-848E-9C61C7744FFA}.Release|Any CPU.ActiveCfg = Release|Any CPU
		{E5E54479-D444-4737-848E-9C61C7744FFA}.Release|Any CPU.Build.0 = Release|Any CPU
		{D5A21DBD-E77F-493D-984E-A37D3AB87472}.Debug|Any CPU.ActiveCfg = Debug|Any CPU
		{D5A21DBD-E77F-493D-984E-A37D3AB87472}.Debug|Any CPU.Build.0 = Debug|Any CPU
		{D5A21DBD-E77F-493D-984E-A37D3AB87472}.Release|Any CPU.ActiveCfg = Release|Any CPU
		{D5A21DBD-E77F-493D-984E-A37D3AB87472}.Release|Any CPU.Build.0 = Release|Any CPU
		{295CEB03-847B-43FF-88F9-9D100B0E25E7}.Debug|Any CPU.ActiveCfg = Debug|Any CPU
		{295CEB03-847B-43FF-88F9-9D100B0E25E7}.Debug|Any CPU.Build.0 = Debug|Any CPU
		{295CEB03-847B-43FF-88F9-9D100B0E25E7}.Release|Any CPU.ActiveCfg = Release|Any CPU
		{295CEB03-847B-43FF-88F9-9D100B0E25E7}.Release|Any CPU.Build.0 = Release|Any CPU
		{639DC1F9-A76B-46C6-809B-B66FCAA9139C}.Debug|Any CPU.ActiveCfg = Debug|Any CPU
		{639DC1F9-A76B-46C6-809B-B66FCAA9139C}.Debug|Any CPU.Build.0 = Debug|Any CPU
		{639DC1F9-A76B-46C6-809B-B66FCAA9139C}.Release|Any CPU.ActiveCfg = Release|Any CPU
		{639DC1F9-A76B-46C6-809B-B66FCAA9139C}.Release|Any CPU.Build.0 = Release|Any CPU
		{A8B28181-2048-4AEE-AA72-18C5FACE8937}.Debug|Any CPU.ActiveCfg = Debug|Any CPU
		{A8B28181-2048-4AEE-AA72-18C5FACE8937}.Debug|Any CPU.Build.0 = Debug|Any CPU
		{A8B28181-2048-4AEE-AA72-18C5FACE8937}.Release|Any CPU.ActiveCfg = Release|Any CPU
		{A8B28181-2048-4AEE-AA72-18C5FACE8937}.Release|Any CPU.Build.0 = Release|Any CPU
	EndGlobalSection
	GlobalSection(SolutionProperties) = preSolution
		HideSolutionNode = FALSE
	EndGlobalSection
EndGlobal
